
Microsoft Visual Studio Solution File, Format Version 12.00
# Visual Studio 15
Project("{FAE04EC0-301F-11D3-BF4B-00C04F79EFBC}") = "Assembly-CSharp-Editor", "Assembly-CSharp-Editor.csproj", "{00F3522F-E7A4-F094-96FD-1FB3C0C88424}"
EndProject
Project("{FAE04EC0-301F-11D3-BF4B-00C04F79EFBC}") = "Assembly-CSharp", "Assembly-CSharp.csproj", "{F4A61730-4D28-53E4-60E7-708C82501405}"
EndProject
Global
	GlobalSection(SolutionConfigurationPlatforms) = preSolution
		Debug|Any CPU = Debug|Any CPU
		Release|Any CPU = Release|Any CPU
	EndGlobalSection
	GlobalSection(ProjectConfigurationPlatforms) = postSolution
		{00F3522F-E7A4-F094-96FD-1FB3C0C88424}.Debug|Any CPU.ActiveCfg = Debug|Any CPU
		{00F3522F-E7A4-F094-96FD-1FB3C0C88424}.Debug|Any CPU.Build.0 = Debug|Any CPU
		{00F3522F-E7A4-F094-96FD-1FB3C0C88424}.Release|Any CPU.ActiveCfg = Release|Any CPU
		{00F3522F-E7A4-F094-96FD-1FB3C0C88424}.Release|Any CPU.Build.0 = Release|Any CPU
		{F4A61730-4D28-53E4-60E7-708C82501405}.Debug|Any CPU.ActiveCfg = Debug|Any CPU
		{F4A61730-4D28-53E4-60E7-708C82501405}.Debug|Any CPU.Build.0 = Debug|Any CPU
		{F4A61730-4D28-53E4-60E7-708C82501405}.Release|Any CPU.ActiveCfg = Release|Any CPU
		{F4A61730-4D28-53E4-60E7-708C82501405}.Release|Any CPU.Build.0 = Release|Any CPU
	EndGlobalSection
	GlobalSection(SolutionProperties) = preSolution
		HideSolutionNode = FALSE
	EndGlobalSection
EndGlobal
